// !$*UTF8*$!
{
	archiveVersion = 1;
	classes = {
	};
	objectVersion = 77;
	objects = {

/* Begin PBXBuildFile section */
		603D44A92EC7746600476C7F /* masan_detailed_walk.gpx in Resources */ = {isa = PBXBuildFile; fileRef = 603D44A82EC7746600476C7F /* masan_detailed_walk.gpx */; };
		608B40F62EC2DBC20005FCB5 /* Secrets.plist in Resources */ = {isa = PBXBuildFile; fileRef = 931B33E52EA5DB1600ED7944 /* Secrets.plist */; };
		608B40F72EC2DBC20005FCB5 /* Secrets.plist in Resources */ = {isa = PBXBuildFile; fileRef = 931B33E52EA5DB1600ED7944 /* Secrets.plist */; };
		60A8CDB02E7CE7B900530B92 /* .swiftlint.yml in Resources */ = {isa = PBXBuildFile; fileRef = 60A8CDAF2E7CE7A100530B92 /* .swiftlint.yml */; };
		60E4B6402EC76D3C00E94D2C /* masan_walk_test.gpx in Resources */ = {isa = PBXBuildFile; fileRef = 60E4B63F2EC76D3C00E94D2C /* masan_walk_test.gpx */; };
		931B33E92EA5DB5D00ED7944 /* Lottie in Frameworks */ = {isa = PBXBuildFile; productRef = 931B33E82EA5DB5D00ED7944 /* Lottie */; };
		FEFDE9E22EB23C5200733205 /* WidgetKit.framework in Frameworks */ = {isa = PBXBuildFile; fileRef = FEFDE9E12EB23C5200733205 /* WidgetKit.framework */; };
		FEFDE9E42EB23C5200733205 /* SwiftUI.framework in Frameworks */ = {isa = PBXBuildFile; fileRef = FEFDE9E32EB23C5200733205 /* SwiftUI.framework */; };
		FEFDE9F12EB23C5300733205 /* ProgressWidgetExtension.appex in Embed Foundation Extensions */ = {isa = PBXBuildFile; fileRef = FEFDE9DF2EB23C5200733205 /* ProgressWidgetExtension.appex */; settings = {ATTRIBUTES = (RemoveHeadersOnCopy, ); }; };
/* End PBXBuildFile section */

/* Begin PBXContainerItemProxy section */
		FEFDE9EF2EB23C5300733205 /* PBXContainerItemProxy */ = {
			isa = PBXContainerItemProxy;
			containerPortal = 60A8CD992E7CDFE500530B92 /* Project object */;
			proxyType = 1;
			remoteGlobalIDString = FEFDE9DE2EB23C5200733205;
			remoteInfo = ProgressWidgetExtension;
		};
/* End PBXContainerItemProxy section */

/* Begin PBXCopyFilesBuildPhase section */
		FEFDE9F22EB23C5300733205 /* Embed Foundation Extensions */ = {
			isa = PBXCopyFilesBuildPhase;
			buildActionMask = 2147483647;
			dstPath = "";
			dstSubfolderSpec = 13;
			files = (
				FEFDE9F12EB23C5300733205 /* ProgressWidgetExtension.appex in Embed Foundation Extensions */,
			);
			name = "Embed Foundation Extensions";
			runOnlyForDeploymentPostprocessing = 0;
		};
/* End PBXCopyFilesBuildPhase section */

/* Begin PBXFileReference section */
		603D44A82EC7746600476C7F /* masan_detailed_walk.gpx */ = {isa = PBXFileReference; lastKnownFileType = text.xml; path = masan_detailed_walk.gpx; sourceTree = "<group>"; };
		60A8CDA12E7CDFE500530B92 /* BusRoad.app */ = {isa = PBXFileReference; explicitFileType = wrapper.application; includeInIndex = 0; path = BusRoad.app; sourceTree = BUILT_PRODUCTS_DIR; };
		60A8CDAF2E7CE7A100530B92 /* .swiftlint.yml */ = {isa = PBXFileReference; lastKnownFileType = text.yaml; path = .swiftlint.yml; sourceTree = "<group>"; };
		60E4B63F2EC76D3C00E94D2C /* masan_walk_test.gpx */ = {isa = PBXFileReference; lastKnownFileType = text.xml; path = masan_walk_test.gpx; sourceTree = "<group>"; };
		931B33E52EA5DB1600ED7944 /* Secrets.plist */ = {isa = PBXFileReference; lastKnownFileType = text.plist.xml; path = Secrets.plist; sourceTree = "<group>"; };
		FEFDE9DF2EB23C5200733205 /* ProgressWidgetExtension.appex */ = {isa = PBXFileReference; explicitFileType = "wrapper.app-extension"; includeInIndex = 0; path = ProgressWidgetExtension.appex; sourceTree = BUILT_PRODUCTS_DIR; };
		FEFDE9E12EB23C5200733205 /* WidgetKit.framework */ = {isa = PBXFileReference; lastKnownFileType = wrapper.framework; name = WidgetKit.framework; path = System/Library/Frameworks/WidgetKit.framework; sourceTree = SDKROOT; };
		FEFDE9E32EB23C5200733205 /* SwiftUI.framework */ = {isa = PBXFileReference; lastKnownFileType = wrapper.framework; name = SwiftUI.framework; path = System/Library/Frameworks/SwiftUI.framework; sourceTree = SDKROOT; };
/* End PBXFileReference section */

/* Begin PBXFileSystemSynchronizedBuildFileExceptionSet section */
		246B44332E823A2000E28F87 /* Exceptions for "BusRoad" folder in "BusRoad" target */ = {
			isa = PBXFileSystemSynchronizedBuildFileExceptionSet;
			membershipExceptions = (
				Info.plist,
			);
			target = 60A8CDA02E7CDFE500530B92 /* BusRoad */;
		};
		FEFDE9F62EB23C5300733205 /* Exceptions for "ProgressWidget" folder in "ProgressWidgetExtension" target */ = {
			isa = PBXFileSystemSynchronizedBuildFileExceptionSet;
			membershipExceptions = (
				Info.plist,
			);
			target = FEFDE9DE2EB23C5200733205 /* ProgressWidgetExtension */;
		};
		FEFDE9FA2EB23CB500733205 /* Exceptions for "ProgressWidget" folder in "BusRoad" target */ = {
			isa = PBXFileSystemSynchronizedBuildFileExceptionSet;
			membershipExceptions = (
				ProgressLiveActivity.swift,
				ProgressLiveActivityManager.swift,
				RouteStage.swift,
			);
			target = 60A8CDA02E7CDFE500530B92 /* BusRoad */;
		};
		FEFDED1F2EB305EB00733205 /* Exceptions for "BusRoad" folder in "ProgressWidgetExtension" target */ = {
			isa = PBXFileSystemSynchronizedBuildFileExceptionSet;
			membershipExceptions = (
				Resource/Color.xcassets,
				"Resource/Font/Paperlogy-5Medium.ttf",
				"Resource/Font/Paperlogy-6SemiBold.ttf",
				"Resource/Font/Pretendard-Bold.otf",
				"Resource/Font/Pretendard-Medium.otf",
				"Resource/Font/Pretendard-Regular.otf",
				"Resource/Font/Pretendard-SemiBold.otf",
			);
			target = FEFDE9DE2EB23C5200733205 /* ProgressWidgetExtension */;
		};
/* End PBXFileSystemSynchronizedBuildFileExceptionSet section */

/* Begin PBXFileSystemSynchronizedRootGroup section */
		60A8CDA32E7CDFE500530B92 /* BusRoad */ = {
			isa = PBXFileSystemSynchronizedRootGroup;
			exceptions = (
				246B44332E823A2000E28F87 /* Exceptions for "BusRoad" folder in "BusRoad" target */,
				FEFDED1F2EB305EB00733205 /* Exceptions for "BusRoad" folder in "ProgressWidgetExtension" target */,
			);
			path = BusRoad;
			sourceTree = "<group>";
		};
		FEFDE9E52EB23C5200733205 /* ProgressWidget */ = {
			isa = PBXFileSystemSynchronizedRootGroup;
			exceptions = (
				FEFDE9FA2EB23CB500733205 /* Exceptions for "ProgressWidget" folder in "BusRoad" target */,
				FEFDE9F62EB23C5300733205 /* Exceptions for "ProgressWidget" folder in "ProgressWidgetExtension" target */,
			);
			path = ProgressWidget;
			sourceTree = "<group>";
		};
/* End PBXFileSystemSynchronizedRootGroup section */

/* Begin PBXFrameworksBuildPhase section */
		60A8CD9E2E7CDFE500530B92 /* Frameworks */ = {
			isa = PBXFrameworksBuildPhase;
			buildActionMask = 2147483647;
			files = (
				931B33E92EA5DB5D00ED7944 /* Lottie in Frameworks */,
			);
			runOnlyForDeploymentPostprocessing = 0;
		};
		FEFDE9DC2EB23C5200733205 /* Frameworks */ = {
			isa = PBXFrameworksBuildPhase;
			buildActionMask = 2147483647;
			files = (
				FEFDE9E42EB23C5200733205 /* SwiftUI.framework in Frameworks */,
				FEFDE9E22EB23C5200733205 /* WidgetKit.framework in Frameworks */,
			);
			runOnlyForDeploymentPostprocessing = 0;
		};
/* End PBXFrameworksBuildPhase section */

/* Begin PBXGroup section */
		60A8CD982E7CDFE500530B92 = {
			isa = PBXGroup;
			children = (
				60A8CDAF2E7CE7A100530B92 /* .swiftlint.yml */,
				60A8CDA32E7CDFE500530B92 /* BusRoad */,
				FEFDE9E52EB23C5200733205 /* ProgressWidget */,
				FEFDE9E02EB23C5200733205 /* Frameworks */,
				60A8CDA22E7CDFE500530B92 /* Products */,
				931B33E52EA5DB1600ED7944 /* Secrets.plist */,
				60E4B63F2EC76D3C00E94D2C /* masan_walk_test.gpx */,
				603D44A82EC7746600476C7F /* masan_detailed_walk.gpx */,
			);
			sourceTree = "<group>";
		};
		60A8CDA22E7CDFE500530B92 /* Products */ = {
			isa = PBXGroup;
			children = (
				60A8CDA12E7CDFE500530B92 /* BusRoad.app */,
				FEFDE9DF2EB23C5200733205 /* ProgressWidgetExtension.appex */,
			);
			name = Products;
			sourceTree = "<group>";
		};
		FEFDE9E02EB23C5200733205 /* Frameworks */ = {
			isa = PBXGroup;
			children = (
				FEFDE9E12EB23C5200733205 /* WidgetKit.framework */,
				FEFDE9E32EB23C5200733205 /* SwiftUI.framework */,
			);
			name = Frameworks;
			sourceTree = "<group>";
		};
/* End PBXGroup section */

/* Begin PBXNativeTarget section */
		60A8CDA02E7CDFE500530B92 /* BusRoad */ = {
			isa = PBXNativeTarget;
			buildConfigurationList = 60A8CDAC2E7CDFE700530B92 /* Build configuration list for PBXNativeTarget "BusRoad" */;
			buildPhases = (
				60A8CD9D2E7CDFE500530B92 /* Sources */,
				60A8CD9E2E7CDFE500530B92 /* Frameworks */,
				60A8CD9F2E7CDFE500530B92 /* Resources */,
				60A8CDB12E7CE82300530B92 /* Run Script */,
				FEFDE9F22EB23C5300733205 /* Embed Foundation Extensions */,
			);
			buildRules = (
			);
			dependencies = (
				FEFDE9F02EB23C5300733205 /* PBXTargetDependency */,
			);
			fileSystemSynchronizedGroups = (
				60A8CDA32E7CDFE500530B92 /* BusRoad */,
			);
			name = BusRoad;
			packageProductDependencies = (
				931B33E82EA5DB5D00ED7944 /* Lottie */,
			);
			productName = BusRoad;
			productReference = 60A8CDA12E7CDFE500530B92 /* BusRoad.app */;
			productType = "com.apple.product-type.application";
		};
		FEFDE9DE2EB23C5200733205 /* ProgressWidgetExtension */ = {
			isa = PBXNativeTarget;
			buildConfigurationList = FEFDE9F52EB23C5300733205 /* Build configuration list for PBXNativeTarget "ProgressWidgetExtension" */;
			buildPhases = (
				FEFDE9DB2EB23C5200733205 /* Sources */,
				FEFDE9DC2EB23C5200733205 /* Frameworks */,
				FEFDE9DD2EB23C5200733205 /* Resources */,
			);
			buildRules = (
			);
			dependencies = (
			);
			fileSystemSynchronizedGroups = (
				FEFDE9E52EB23C5200733205 /* ProgressWidget */,
			);
			name = ProgressWidgetExtension;
			packageProductDependencies = (
			);
			productName = ProgressWidgetExtension;
			productReference = FEFDE9DF2EB23C5200733205 /* ProgressWidgetExtension.appex */;
			productType = "com.apple.product-type.app-extension";
		};
/* End PBXNativeTarget section */

/* Begin PBXProject section */
		60A8CD992E7CDFE500530B92 /* Project object */ = {
			isa = PBXProject;
			attributes = {
				BuildIndependentTargetsInParallel = 1;
				LastSwiftUpdateCheck = 2600;
				LastUpgradeCheck = 2600;
				TargetAttributes = {
					60A8CDA02E7CDFE500530B92 = {
						CreatedOnToolsVersion = 26.0;
					};
					FEFDE9DE2EB23C5200733205 = {
						CreatedOnToolsVersion = 26.0.1;
					};
				};
			};
			buildConfigurationList = 60A8CD9C2E7CDFE500530B92 /* Build configuration list for PBXProject "BusRoad" */;
			developmentRegion = ko;
			hasScannedForEncodings = 0;
			knownRegions = (
				en,
				Base,
				ko,
			);
			mainGroup = 60A8CD982E7CDFE500530B92;
			minimizedProjectReferenceProxies = 1;
			packageReferences = (
				931B33E72EA5DB5D00ED7944 /* XCRemoteSwiftPackageReference "lottie-spm" */,
			);
			preferredProjectObjectVersion = 77;
			productRefGroup = 60A8CDA22E7CDFE500530B92 /* Products */;
			projectDirPath = "";
			projectRoot = "";
			targets = (
				60A8CDA02E7CDFE500530B92 /* BusRoad */,
				FEFDE9DE2EB23C5200733205 /* ProgressWidgetExtension */,
			);
		};
/* End PBXProject section */

/* Begin PBXResourcesBuildPhase section */
		60A8CD9F2E7CDFE500530B92 /* Resources */ = {
			isa = PBXResourcesBuildPhase;
			buildActionMask = 2147483647;
			files = (
				60A8CDB02E7CE7B900530B92 /* .swiftlint.yml in Resources */,
				60E4B6402EC76D3C00E94D2C /* masan_walk_test.gpx in Resources */,
				608B40F62EC2DBC20005FCB5 /* Secrets.plist in Resources */,
				603D44A92EC7746600476C7F /* masan_detailed_walk.gpx in Resources */,
			);
			runOnlyForDeploymentPostprocessing = 0;
		};
		FEFDE9DD2EB23C5200733205 /* Resources */ = {
			isa = PBXResourcesBuildPhase;
			buildActionMask = 2147483647;
			files = (
				608B40F72EC2DBC20005FCB5 /* Secrets.plist in Resources */,
			);
			runOnlyForDeploymentPostprocessing = 0;
		};
/* End PBXResourcesBuildPhase section */

/* Begin PBXShellScriptBuildPhase section */
		60A8CDB12E7CE82300530B92 /* Run Script */ = {
			isa = PBXShellScriptBuildPhase;
			alwaysOutOfDate = 1;
			buildActionMask = 2147483647;
			files = (
			);
			inputFileListPaths = (
			);
			inputPaths = (
				"$(SRCROOT)/.swiftlint.yml",
			);
			name = "Run Script";
			outputFileListPaths = (
			);
			outputPaths = (
			);
			runOnlyForDeploymentPostprocessing = 0;
			shellPath = /bin/sh;
			shellScript = "export PATH=\"/opt/homebrew/bin:/usr/local/bin:/usr/bin:/bin:$PATH\"\n\nSWIFTLINT=\"$(command -v swiftlint || true)\"\nCONFIG=\"${SRCROOT}/.swiftlint.yml\"\n\nif [ -n \"$SWIFTLINT\" ]; then\n  \"$SWIFTLINT\" --config \"$CONFIG\" --no-cache --quiet\nelse\n  echo \"warning: SwiftLint not installed. Run 'brew install swiftlint'\"\nfi\n\n";
		};
/* End PBXShellScriptBuildPhase section */

/* Begin PBXSourcesBuildPhase section */
		60A8CD9D2E7CDFE500530B92 /* Sources */ = {
			isa = PBXSourcesBuildPhase;
			buildActionMask = 2147483647;
			files = (
			);
			runOnlyForDeploymentPostprocessing = 0;
		};
		FEFDE9DB2EB23C5200733205 /* Sources */ = {
			isa = PBXSourcesBuildPhase;
			buildActionMask = 2147483647;
			files = (
			);
			runOnlyForDeploymentPostprocessing = 0;
		};
/* End PBXSourcesBuildPhase section */

/* Begin PBXTargetDependency section */
		FEFDE9F02EB23C5300733205 /* PBXTargetDependency */ = {
			isa = PBXTargetDependency;
			target = FEFDE9DE2EB23C5200733205 /* ProgressWidgetExtension */;
			targetProxy = FEFDE9EF2EB23C5300733205 /* PBXContainerItemProxy */;
		};
/* End PBXTargetDependency section */

/* Begin XCBuildConfiguration section */
		60A8CDAA2E7CDFE700530B92 /* Debug */ = {
			isa = XCBuildConfiguration;
			buildSettings = {
				ALWAYS_SEARCH_USER_PATHS = NO;
				ASSETCATALOG_COMPILER_GENERATE_SWIFT_ASSET_SYMBOL_EXTENSIONS = YES;
				CLANG_ANALYZER_NONNULL = YES;
				CLANG_ANALYZER_NUMBER_OBJECT_CONVERSION = YES_AGGRESSIVE;
				CLANG_CXX_LANGUAGE_STANDARD = "gnu++20";
				CLANG_ENABLE_MODULES = YES;
				CLANG_ENABLE_OBJC_ARC = YES;
				CLANG_ENABLE_OBJC_WEAK = YES;
				CLANG_WARN_BLOCK_CAPTURE_AUTORELEASING = YES;
				CLANG_WARN_BOOL_CONVERSION = YES;
				CLANG_WARN_COMMA = YES;
				CLANG_WARN_CONSTANT_CONVERSION = YES;
				CLANG_WARN_DEPRECATED_OBJC_IMPLEMENTATIONS = YES;
				CLANG_WARN_DIRECT_OBJC_ISA_USAGE = YES_ERROR;
				CLANG_WARN_DOCUMENTATION_COMMENTS = YES;
				CLANG_WARN_EMPTY_BODY = YES;
				CLANG_WARN_ENUM_CONVERSION = YES;
				CLANG_WARN_INFINITE_RECURSION = YES;
				CLANG_WARN_INT_CONVERSION = YES;
				CLANG_WARN_NON_LITERAL_NULL_CONVERSION = YES;
				CLANG_WARN_OBJC_IMPLICIT_RETAIN_SELF = YES;
				CLANG_WARN_OBJC_LITERAL_CONVERSION = YES;
				CLANG_WARN_OBJC_ROOT_CLASS = YES_ERROR;
				CLANG_WARN_QUOTED_INCLUDE_IN_FRAMEWORK_HEADER = YES;
				CLANG_WARN_RANGE_LOOP_ANALYSIS = YES;
				CLANG_WARN_STRICT_PROTOTYPES = YES;
				CLANG_WARN_SUSPICIOUS_MOVE = YES;
				CLANG_WARN_UNGUARDED_AVAILABILITY = YES_AGGRESSIVE;
				CLANG_WARN_UNREACHABLE_CODE = YES;
				CLANG_WARN__DUPLICATE_METHOD_MATCH = YES;
				COPY_PHASE_STRIP = NO;
				DEBUG_INFORMATION_FORMAT = dwarf;
				DEVELOPMENT_TEAM = Y485RHY5J6;
				ENABLE_STRICT_OBJC_MSGSEND = YES;
				ENABLE_TESTABILITY = YES;
				ENABLE_USER_SCRIPT_SANDBOXING = YES;
				GCC_C_LANGUAGE_STANDARD = gnu17;
				GCC_DYNAMIC_NO_PIC = NO;
				GCC_NO_COMMON_BLOCKS = YES;
				GCC_OPTIMIZATION_LEVEL = 0;
				GCC_PREPROCESSOR_DEFINITIONS = (
					"DEBUG=1",
					"$(inherited)",
				);
				GCC_WARN_64_TO_32_BIT_CONVERSION = YES;
				GCC_WARN_ABOUT_RETURN_TYPE = YES_ERROR;
				GCC_WARN_UNDECLARED_SELECTOR = YES;
				GCC_WARN_UNINITIALIZED_AUTOS = YES_AGGRESSIVE;
				GCC_WARN_UNUSED_FUNCTION = YES;
				GCC_WARN_UNUSED_VARIABLE = YES;
				IPHONEOS_DEPLOYMENT_TARGET = 26.0;
				LOCALIZATION_PREFERS_STRING_CATALOGS = YES;
				MTL_ENABLE_DEBUG_INFO = INCLUDE_SOURCE;
				MTL_FAST_MATH = YES;
				ONLY_ACTIVE_ARCH = YES;
				SDKROOT = iphoneos;
				SWIFT_ACTIVE_COMPILATION_CONDITIONS = "DEBUG $(inherited)";
				SWIFT_EMIT_LOC_STRINGS = YES;
				SWIFT_OPTIMIZATION_LEVEL = "-Onone";
			};
			name = Debug;
		};
		60A8CDAB2E7CDFE700530B92 /* Release */ = {
			isa = XCBuildConfiguration;
			buildSettings = {
				ALWAYS_SEARCH_USER_PATHS = NO;
				ASSETCATALOG_COMPILER_GENERATE_SWIFT_ASSET_SYMBOL_EXTENSIONS = YES;
				CLANG_ANALYZER_NONNULL = YES;
				CLANG_ANALYZER_NUMBER_OBJECT_CONVERSION = YES_AGGRESSIVE;
				CLANG_CXX_LANGUAGE_STANDARD = "gnu++20";
				CLANG_ENABLE_MODULES = YES;
				CLANG_ENABLE_OBJC_ARC = YES;
				CLANG_ENABLE_OBJC_WEAK = YES;
				CLANG_WARN_BLOCK_CAPTURE_AUTORELEASING = YES;
				CLANG_WARN_BOOL_CONVERSION = YES;
				CLANG_WARN_COMMA = YES;
				CLANG_WARN_CONSTANT_CONVERSION = YES;
				CLANG_WARN_DEPRECATED_OBJC_IMPLEMENTATIONS = YES;
				CLANG_WARN_DIRECT_OBJC_ISA_USAGE = YES_ERROR;
				CLANG_WARN_DOCUMENTATION_COMMENTS = YES;
				CLANG_WARN_EMPTY_BODY = YES;
				CLANG_WARN_ENUM_CONVERSION = YES;
				CLANG_WARN_INFINITE_RECURSION = YES;
				CLANG_WARN_INT_CONVERSION = YES;
				CLANG_WARN_NON_LITERAL_NULL_CONVERSION = YES;
				CLANG_WARN_OBJC_IMPLICIT_RETAIN_SELF = YES;
				CLANG_WARN_OBJC_LITERAL_CONVERSION = YES;
				CLANG_WARN_OBJC_ROOT_CLASS = YES_ERROR;
				CLANG_WARN_QUOTED_INCLUDE_IN_FRAMEWORK_HEADER = YES;
				CLANG_WARN_RANGE_LOOP_ANALYSIS = YES;
				CLANG_WARN_STRICT_PROTOTYPES = YES;
				CLANG_WARN_SUSPICIOUS_MOVE = YES;
				CLANG_WARN_UNGUARDED_AVAILABILITY = YES_AGGRESSIVE;
				CLANG_WARN_UNREACHABLE_CODE = YES;
				CLANG_WARN__DUPLICATE_METHOD_MATCH = YES;
				COPY_PHASE_STRIP = NO;
				DEBUG_INFORMATION_FORMAT = "dwarf-with-dsym";
				DEVELOPMENT_TEAM = Y485RHY5J6;
				ENABLE_NS_ASSERTIONS = NO;
				ENABLE_STRICT_OBJC_MSGSEND = YES;
				ENABLE_USER_SCRIPT_SANDBOXING = YES;
				GCC_C_LANGUAGE_STANDARD = gnu17;
				GCC_NO_COMMON_BLOCKS = YES;
				GCC_WARN_64_TO_32_BIT_CONVERSION = YES;
				GCC_WARN_ABOUT_RETURN_TYPE = YES_ERROR;
				GCC_WARN_UNDECLARED_SELECTOR = YES;
				GCC_WARN_UNINITIALIZED_AUTOS = YES_AGGRESSIVE;
				GCC_WARN_UNUSED_FUNCTION = YES;
				GCC_WARN_UNUSED_VARIABLE = YES;
				IPHONEOS_DEPLOYMENT_TARGET = 26.0;
				LOCALIZATION_PREFERS_STRING_CATALOGS = YES;
				MTL_ENABLE_DEBUG_INFO = NO;
				MTL_FAST_MATH = YES;
				SDKROOT = iphoneos;
				SWIFT_COMPILATION_MODE = wholemodule;
				SWIFT_EMIT_LOC_STRINGS = YES;
				VALIDATE_PRODUCT = YES;
			};
			name = Release;
		};
		60A8CDAD2E7CDFE700530B92 /* Debug */ = {
			isa = XCBuildConfiguration;
			buildSettings = {
				ASSETCATALOG_COMPILER_APPICON_NAME = AppIcon;
				ASSETCATALOG_COMPILER_GLOBAL_ACCENT_COLOR_NAME = AccentColor;
				CODE_SIGN_IDENTITY = "Apple Development";
				"CODE_SIGN_IDENTITY[sdk=iphoneos*]" = "iPhone Developer";
				CODE_SIGN_STYLE = Manual;
				CURRENT_PROJECT_VERSION = 1;
				DEVELOPMENT_TEAM = "";
				"DEVELOPMENT_TEAM[sdk=iphoneos*]" = Y485RHY5J6;
				ENABLE_PREVIEWS = YES;
				ENABLE_USER_SCRIPT_SANDBOXING = NO;
				GENERATE_INFOPLIST_FILE = YES;
				INFOPLIST_FILE = BusRoad/Info.plist;
				INFOPLIST_KEY_CFBundleDisplayName = "어디로드";
				INFOPLIST_KEY_NSLocationAlwaysAndWhenInUseUsageDescription = "도보 경로 안내 및 버스 탑승 중 하차 알림을 위해 위치 정보가 필요합니다.";
				INFOPLIST_KEY_NSLocationWhenInUseUsageDescription = "버스 경로 추천을 위해 앱 사용 중 위치 정보를 이용합니다.";
				INFOPLIST_KEY_NSMicrophoneUsageDescription = "음성 검색 기능을 사용하기 위해 마이크 접근 권한이 필요합니다.";
				INFOPLIST_KEY_NSSpeechRecognitionUsageDescription = "말씀하신 내용을 텍스트로 변환하기 위해 음성 인식 권한이 필요합니다.";
				INFOPLIST_KEY_NSSupportsLiveActivities = YES;
				INFOPLIST_KEY_UIApplicationSceneManifest_Generation = YES;
				INFOPLIST_KEY_UIApplicationSupportsIndirectInputEvents = YES;
				INFOPLIST_KEY_UISupportedInterfaceOrientations_iPad = "UIInterfaceOrientationPortrait UIInterfaceOrientationPortraitUpsideDown UIInterfaceOrientationLandscapeLeft UIInterfaceOrientationLandscapeRight";
				INFOPLIST_KEY_UISupportedInterfaceOrientations_iPhone = "UIInterfaceOrientationPortrait UIInterfaceOrientationLandscapeLeft UIInterfaceOrientationLandscapeRight";
				IPHONEOS_DEPLOYMENT_TARGET = 17.0;
				LD_RUNPATH_SEARCH_PATHS = (
					"$(inherited)",
					"@executable_path/Frameworks",
				);
				MARKETING_VERSION = 1.0;
				PRODUCT_BUNDLE_IDENTIFIER = com.untitled.BusRoad;
				PRODUCT_NAME = "$(TARGET_NAME)";
				PROVISIONING_PROFILE_SPECIFIER = "";
				"PROVISIONING_PROFILE_SPECIFIER[sdk=iphoneos*]" = Untitled;
				STRING_CATALOG_GENERATE_SYMBOLS = YES;
				SUPPORTED_PLATFORMS = "iphoneos iphonesimulator";
				SUPPORTS_MACCATALYST = NO;
				SUPPORTS_MAC_DESIGNED_FOR_IPHONE_IPAD = NO;
				SUPPORTS_XR_DESIGNED_FOR_IPHONE_IPAD = NO;
				SWIFT_APPROACHABLE_CONCURRENCY = YES;
				SWIFT_DEFAULT_ACTOR_ISOLATION = MainActor;
				SWIFT_EMIT_LOC_STRINGS = YES;
				SWIFT_UPCOMING_FEATURE_MEMBER_IMPORT_VISIBILITY = YES;
				SWIFT_VERSION = 5.0;
				TARGETED_DEVICE_FAMILY = 1;
			};
			name = Debug;
		};
		60A8CDAE2E7CDFE700530B92 /* Release */ = {
			isa = XCBuildConfiguration;
			buildSettings = {
				ASSETCATALOG_COMPILER_APPICON_NAME = AppIcon;
				ASSETCATALOG_COMPILER_GLOBAL_ACCENT_COLOR_NAME = AccentColor;
				CODE_SIGN_IDENTITY = "Apple Development";
				"CODE_SIGN_IDENTITY[sdk=iphoneos*]" = "iPhone Developer";
				CODE_SIGN_STYLE = Manual;
				CURRENT_PROJECT_VERSION = 1;
				DEVELOPMENT_TEAM = "";
				"DEVELOPMENT_TEAM[sdk=iphoneos*]" = Y485RHY5J6;
				ENABLE_PREVIEWS = YES;
				ENABLE_USER_SCRIPT_SANDBOXING = NO;
				GENERATE_INFOPLIST_FILE = YES;
				INFOPLIST_FILE = BusRoad/Info.plist;
				INFOPLIST_KEY_CFBundleDisplayName = "어디로드";
				INFOPLIST_KEY_NSLocationAlwaysAndWhenInUseUsageDescription = "도보 경로 안내 및 버스 탑승 중 하차 알림을 위해 위치 정보가 필요합니다.";
				INFOPLIST_KEY_NSLocationWhenInUseUsageDescription = "버스 경로 추천을 위해 앱 사용 중 위치 정보를 이용합니다.";
				INFOPLIST_KEY_NSMicrophoneUsageDescription = "음성 검색 기능을 사용하기 위해 마이크 접근 권한이 필요합니다.";
				INFOPLIST_KEY_NSSpeechRecognitionUsageDescription = "말씀하신 내용을 텍스트로 변환하기 위해 음성 인식 권한이 필요합니다.";
				INFOPLIST_KEY_NSSupportsLiveActivities = YES;
				INFOPLIST_KEY_UIApplicationSceneManifest_Generation = YES;
				INFOPLIST_KEY_UIApplicationSupportsIndirectInputEvents = YES;
				INFOPLIST_KEY_UISupportedInterfaceOrientations_iPad = "UIInterfaceOrientationPortrait UIInterfaceOrientationPortraitUpsideDown UIInterfaceOrientationLandscapeLeft UIInterfaceOrientationLandscapeRight";
				INFOPLIST_KEY_UISupportedInterfaceOrientations_iPhone = "UIInterfaceOrientationPortrait UIInterfaceOrientationLandscapeLeft UIInterfaceOrientationLandscapeRight";
				IPHONEOS_DEPLOYMENT_TARGET = 17.0;
				LD_RUNPATH_SEARCH_PATHS = (
					"$(inherited)",
					"@executable_path/Frameworks",
				);
				MARKETING_VERSION = 1.0;
				PRODUCT_BUNDLE_IDENTIFIER = com.untitled.BusRoad;
				PRODUCT_NAME = "$(TARGET_NAME)";
				PROVISIONING_PROFILE_SPECIFIER = "";
				"PROVISIONING_PROFILE_SPECIFIER[sdk=iphoneos*]" = Untitled;
				STRING_CATALOG_GENERATE_SYMBOLS = YES;
				SUPPORTED_PLATFORMS = "iphoneos iphonesimulator";
				SUPPORTS_MACCATALYST = NO;
				SUPPORTS_MAC_DESIGNED_FOR_IPHONE_IPAD = NO;
				SUPPORTS_XR_DESIGNED_FOR_IPHONE_IPAD = NO;
				SWIFT_APPROACHABLE_CONCURRENCY = YES;
				SWIFT_DEFAULT_ACTOR_ISOLATION = MainActor;
				SWIFT_EMIT_LOC_STRINGS = YES;
				SWIFT_UPCOMING_FEATURE_MEMBER_IMPORT_VISIBILITY = YES;
				SWIFT_VERSION = 5.0;
				TARGETED_DEVICE_FAMILY = 1;
			};
			name = Release;
		};
		FEFDE9F32EB23C5300733205 /* Debug */ = {
			isa = XCBuildConfiguration;
			buildSettings = {
				ASSETCATALOG_COMPILER_GLOBAL_ACCENT_COLOR_NAME = AccentColor;
				ASSETCATALOG_COMPILER_WIDGET_BACKGROUND_COLOR_NAME = WidgetBackground;
				CODE_SIGN_IDENTITY = "Apple Development";
				"CODE_SIGN_IDENTITY[sdk=iphoneos*]" = "iPhone Developer";
				CODE_SIGN_STYLE = Manual;
				CURRENT_PROJECT_VERSION = 1;
				DEVELOPMENT_TEAM = "";
				"DEVELOPMENT_TEAM[sdk=iphoneos*]" = Y485RHY5J6;
				GENERATE_INFOPLIST_FILE = YES;
				INFOPLIST_FILE = ProgressWidget/Info.plist;
				INFOPLIST_KEY_CFBundleDisplayName = ProgressWidget;
				INFOPLIST_KEY_NSHumanReadableCopyright = "";
				IPHONEOS_DEPLOYMENT_TARGET = 17.0;
				LD_RUNPATH_SEARCH_PATHS = (
					"$(inherited)",
					"@executable_path/Frameworks",
					"@executable_path/../../Frameworks",
				);
				MARKETING_VERSION = 1.0;
				PRODUCT_BUNDLE_IDENTIFIER = com.untitled.BusRoad.BusRoadWidgetExtension;
				PRODUCT_NAME = "$(TARGET_NAME)";
				PROVISIONING_PROFILE_SPECIFIER = "";
				"PROVISIONING_PROFILE_SPECIFIER[sdk=iphoneos*]" = UntitledBusWidget;
				SKIP_INSTALL = YES;
				STRING_CATALOG_GENERATE_SYMBOLS = YES;
				SWIFT_APPROACHABLE_CONCURRENCY = YES;
				SWIFT_EMIT_LOC_STRINGS = YES;
				SWIFT_UPCOMING_FEATURE_MEMBER_IMPORT_VISIBILITY = YES;
				SWIFT_VERSION = 5.0;
				TARGETED_DEVICE_FAMILY = "1,2";
			};
			name = Debug;
		};
		FEFDE9F42EB23C5300733205 /* Release */ = {
			isa = XCBuildConfiguration;
			buildSettings = {
				ASSETCATALOG_COMPILER_GLOBAL_ACCENT_COLOR_NAME = AccentColor;
				ASSETCATALOG_COMPILER_WIDGET_BACKGROUND_COLOR_NAME = WidgetBackground;
				CODE_SIGN_IDENTITY = "Apple Development";
				"CODE_SIGN_IDENTITY[sdk=iphoneos*]" = "iPhone Developer";
				CODE_SIGN_STYLE = Manual;
				CURRENT_PROJECT_VERSION = 1;
				DEVELOPMENT_TEAM = "";
				"DEVELOPMENT_TEAM[sdk=iphoneos*]" = Y485RHY5J6;
				GENERATE_INFOPLIST_FILE = YES;
				INFOPLIST_FILE = ProgressWidget/Info.plist;
				INFOPLIST_KEY_CFBundleDisplayName = ProgressWidget;
				INFOPLIST_KEY_NSHumanReadableCopyright = "";
				IPHONEOS_DEPLOYMENT_TARGET = 17.0;
				LD_RUNPATH_SEARCH_PATHS = (
					"$(inherited)",
					"@executable_path/Frameworks",
					"@executable_path/../../Frameworks",
				);
				MARKETING_VERSION = 1.0;
				PRODUCT_BUNDLE_IDENTIFIER = com.untitled.BusRoad.BusRoadWidgetExtension;
				PRODUCT_NAME = "$(TARGET_NAME)";
				PROVISIONING_PROFILE_SPECIFIER = "";
				"PROVISIONING_PROFILE_SPECIFIER[sdk=iphoneos*]" = UntitledBusWidget;
				SKIP_INSTALL = YES;
				STRING_CATALOG_GENERATE_SYMBOLS = YES;
				SWIFT_APPROACHABLE_CONCURRENCY = YES;
				SWIFT_EMIT_LOC_STRINGS = YES;
				SWIFT_UPCOMING_FEATURE_MEMBER_IMPORT_VISIBILITY = YES;
				SWIFT_VERSION = 5.0;
				TARGETED_DEVICE_FAMILY = "1,2";
			};
			name = Release;
		};
/* End XCBuildConfiguration section */

/* Begin XCConfigurationList section */
		60A8CD9C2E7CDFE500530B92 /* Build configuration list for PBXProject "BusRoad" */ = {
			isa = XCConfigurationList;
			buildConfigurations = (
				60A8CDAA2E7CDFE700530B92 /* Debug */,
				60A8CDAB2E7CDFE700530B92 /* Release */,
			);
			defaultConfigurationIsVisible = 0;
			defaultConfigurationName = Release;
		};
		60A8CDAC2E7CDFE700530B92 /* Build configuration list for PBXNativeTarget "BusRoad" */ = {
			isa = XCConfigurationList;
			buildConfigurations = (
				60A8CDAD2E7CDFE700530B92 /* Debug */,
				60A8CDAE2E7CDFE700530B92 /* Release */,
			);
			defaultConfigurationIsVisible = 0;
			defaultConfigurationName = Release;
		};
		FEFDE9F52EB23C5300733205 /* Build configuration list for PBXNativeTarget "ProgressWidgetExtension" */ = {
			isa = XCConfigurationList;
			buildConfigurations = (
				FEFDE9F32EB23C5300733205 /* Debug */,
				FEFDE9F42EB23C5300733205 /* Release */,
			);
			defaultConfigurationIsVisible = 0;
			defaultConfigurationName = Release;
		};
/* End XCConfigurationList section */

/* Begin XCRemoteSwiftPackageReference section */
		931B33E72EA5DB5D00ED7944 /* XCRemoteSwiftPackageReference "lottie-spm" */ = {
			isa = XCRemoteSwiftPackageReference;
			repositoryURL = "https://github.com/airbnb/lottie-spm";
			requirement = {
				kind = upToNextMajorVersion;
				minimumVersion = 4.5.2;
			};
		};
/* End XCRemoteSwiftPackageReference section */

/* Begin XCSwiftPackageProductDependency section */
		931B33E82EA5DB5D00ED7944 /* Lottie */ = {
			isa = XCSwiftPackageProductDependency;
			package = 931B33E72EA5DB5D00ED7944 /* XCRemoteSwiftPackageReference "lottie-spm" */;
			productName = Lottie;
		};
/* End XCSwiftPackageProductDependency section */
	};
	rootObject = 60A8CD992E7CDFE500530B92 /* Project object */;
}
